{
  "version": "5",
  "specifiers": {
    "jsr:@hazae41/argon2-wasm@^1.0.6": "1.0.8",
    "jsr:@hazae41/argon2@^2.0.3": "2.0.3",
    "jsr:@hazae41/binary@^2.0.1": "2.0.1",
    "jsr:@hazae41/chacha20poly1305-wasm@2": "2.0.0",
    "jsr:@hazae41/chacha20poly1305@^2.0.1": "2.0.1",
    "jsr:@hazae41/cursor@^2.1.1": "2.1.1",
    "jsr:@hazae41/phobos@^2.0.16": "2.0.16",
    "jsr:@hazae41/result-and-option@^2.0.10": "2.0.10",
    "jsr:@hazae41/tscousin@^1.0.28": "1.0.28",
    "npm:@hazae41/argon2@^2.0.3": "2.0.3",
    "npm:@hazae41/binary@^2.0.1": "2.0.1",
    "npm:@hazae41/chacha20poly1305-wasm@2": "2.0.0_@hazae41+memory-wasm@1.0.46",
    "npm:@hazae41/chacha20poly1305@^2.0.1": "2.0.1",
    "npm:@hazae41/cursor@^2.1.1": "2.1.1",
    "npm:@hazae41/phobos@^2.0.16": "2.0.16",
    "npm:@hazae41/tscousin@^1.0.28": "1.0.28",
    "npm:@noble/ciphers@^2.0.1": "2.0.1",
    "npm:@types/node@*": "24.2.0",
    "npm:happy-dom@^20.0.10": "20.0.10",
    "npm:typescript@^5.9.3": "5.9.3"
  },
  "jsr": {
    "@hazae41/argon2@2.0.3": {
      "integrity": "aeccdc3ea3ead493075bb34c65d87c46b0035126e6768e22e6a8372add6ccc9d",
      "dependencies": [
        "jsr:@hazae41/argon2-wasm",
        "jsr:@hazae41/result-and-option"
      ]
    },
    "@hazae41/argon2-wasm@1.0.8": {
      "integrity": "276ec406f6f171c176f6445508980f2a650ff4aac65661c047b1ac5811967c83"
    },
    "@hazae41/binary@2.0.1": {
      "integrity": "cf2447ff38655f35274358056f84630a4eeb7166f748cd397cfa213a52864709",
      "dependencies": [
        "jsr:@hazae41/cursor@^2.1.1"
      ]
    },
    "@hazae41/chacha20poly1305@2.0.1": {
      "integrity": "c1bc1be71f5d6bbc16fb3611109e078b95300fb0b636f023dea63d708f585439",
      "dependencies": [
        "jsr:@hazae41/chacha20poly1305-wasm@2",
        "jsr:@hazae41/result-and-option",
        "npm:@noble/ciphers"
      ]
    },
    "@hazae41/chacha20poly1305-wasm@2.0.0": {
      "integrity": "e1e4180bc9a8688a8cecba0171f95f7856c160b827aa3fdbf6f7b41ab08f1373"
    },
    "@hazae41/cursor@2.1.1": {
      "integrity": "0fd5a27e68b3fad6253d775e9dc455f448983ca1fe136900b98541fa6101c91e"
    },
    "@hazae41/phobos@2.0.16": {
      "integrity": "1b4ed1a675cfbf502d3fd5a57108eedad3bff2b43238f9fd1884ea15c762a4fc"
    },
    "@hazae41/result-and-option@2.0.10": {
      "integrity": "4a5046c435aad139014959315dd92fe7cf9bcc14fa975361c66b8d8303e4d583"
    },
    "@hazae41/tscousin@1.0.28": {
      "integrity": "5218915c136dd5c2b155cec4cdc38915a6cee42db17f3598ad35f47a19afb928"
    }
  },
  "npm": {
    "@hazae41/argon2@2.0.3": {
      "integrity": "sha512-xSH6t/Bs5MWc38wJfuWhRZ459NJnvetMneynQTXh54rXsCfNrJUMRiYUDzbCZmptdHwbmwd9Vj5kv95x3UXi8g==",
      "dependencies": [
        "@hazae41/result-and-option"
      ]
    },
    "@hazae41/binary@2.0.1": {
      "integrity": "sha512-F+bq3zvpEnOY50vPMGRRwnWBDXy4EquPXrwS0Gw3CdPojr8/eRKYcQXeV50zNz8BLdyrMKHCaFl3/iCyeJmmBQ==",
      "dependencies": [
        "@hazae41/cursor"
      ]
    },
    "@hazae41/chacha20poly1305-wasm@2.0.0_@hazae41+memory-wasm@1.0.46": {
      "integrity": "sha512-kwfHMSzXf4NjKp6jqIBO/U/8hzWKyMo42JXpuWNFmK4ttu9FJZvn4eI7phpEku5Ou/wRS/1tWz6IxgnAHNhBag==",
      "dependencies": [
        "@hazae41/memory-wasm"
      ]
    },
    "@hazae41/chacha20poly1305@2.0.1": {
      "integrity": "sha512-FjjirObCSIy+jM0Bac6vjiqRnhDj5yCyanA7ZXYasjxi5dzp11JCyo7wfG56bgxhCrdLIZ8JCGku6whSNPPWHw==",
      "dependencies": [
        "@hazae41/result-and-option"
      ]
    },
    "@hazae41/cursor@2.1.1": {
      "integrity": "sha512-1vdvZiqCUPFDWZAjM8TrqHRjQz8mi2EInrXkO8Kl2Tmo1vQ686nqGmSQjbHerW2JWmyZEr+9/RzvEFVAliaUyw==",
      "dependencies": [
        "@hazae41/lengthed"
      ]
    },
    "@hazae41/lengthed@1.0.1": {
      "integrity": "sha512-5AizA8BmPDCSQ0H2V6DeEcrqTxQvjvgBA3bKH6sPpFjOc+dRRTqe1XTUc4h1WmnpaIg9taF//J/H2VVhZG5Tyw=="
    },
    "@hazae41/memory-wasm@1.0.46": {
      "integrity": "sha512-ifPyk7lVx9VpPayNOl8Z84z6eUf/9jXG4c397BJUFrmaS6iuCk5KRNrf3kQzvGmMLpfykXqI6cIqxYayUUCopw=="
    },
    "@hazae41/phobos@2.0.16": {
      "integrity": "sha512-XP1KGvTY9dNWIz0EG91BdgBXXZXG/AF5f9LP57FbyF1ut3QjDe18+QLhScrA1RmuX/CEYrmp60jD160zZTPZaw=="
    },
    "@hazae41/result-and-option@2.0.10": {
      "integrity": "sha512-Msf15N4OBCSsAxdonghJmbwERQqgc0ZWVPi1yE+oI8maC1FBFacQrym+xNF+lnXXgaTheLAUnx3B8yCA5Z1EWw=="
    },
    "@hazae41/tscousin@1.0.28": {
      "integrity": "sha512-Wrg/66m0hLexrifpzJ5a/D7Jzb7FhLzBWrCFAgjZa+DIU8prA5rX4MwD5K34UZ6jsYBRZsYwNeVEYRqOIJHOEQ==",
      "bin": true
    },
    "@noble/ciphers@2.0.1": {
      "integrity": "sha512-xHK3XHPUW8DTAobU+G0XT+/w+JLM7/8k1UFdB5xg/zTFPnFCobhftzw8wl4Lw2aq/Rvir5pxfZV5fEazmeCJ2g=="
    },
    "@types/node@20.19.24": {
      "integrity": "sha512-FE5u0ezmi6y9OZEzlJfg37mqqf6ZDSF2V/NLjUyGrR9uTZ7Sb9F7bLNZ03S4XVUNRWGA7Ck4c1kK+YnuWjl+DA==",
      "dependencies": [
        "undici-types@6.21.0"
      ]
    },
    "@types/node@24.2.0": {
      "integrity": "sha512-3xyG3pMCq3oYCNg7/ZP+E1ooTaGB4cG8JWRsqqOYQdbWNY4zbaV0Ennrd7stjiJEFZCaybcIgpTjJWHRfBSIDw==",
      "dependencies": [
        "undici-types@7.10.0"
      ]
    },
    "@types/whatwg-mimetype@3.0.2": {
      "integrity": "sha512-c2AKvDT8ToxLIOUlN51gTiHXflsfIFisS4pO7pDPoKouJCESkhZnEy623gwP9laCy5lnLDAw1vAzu2vM2YLOrA=="
    },
    "happy-dom@20.0.10": {
      "integrity": "sha512-6umCCHcjQrhP5oXhrHQQvLB0bwb1UzHAHdsXy+FjtKoYjUhmNZsQL8NivwM1vDvNEChJabVrUYxUnp/ZdYmy2g==",
      "dependencies": [
        "@types/node@20.19.24",
        "@types/whatwg-mimetype",
        "whatwg-mimetype"
      ]
    },
    "typescript@5.9.3": {
      "integrity": "sha512-jl1vZzPDinLr9eUt3J/t7V6FgNEw9QjvBPdysz9KfQDD41fQrC2Y4vKQdiaUpFT4bXlb1RHhLpp8wtm6M5TgSw==",
      "bin": true
    },
    "undici-types@6.21.0": {
      "integrity": "sha512-iwDZqg0QAGrg9Rav5H4n0M64c3mkR59cJ6wQp+7C4nI0gsmExaedaYLNO44eT4AtBBwjbTiGPMlt2Md0T9H9JQ=="
    },
    "undici-types@7.10.0": {
      "integrity": "sha512-t5Fy/nfn+14LuOc2KNYg75vZqClpAiqscVvMygNnlsHBFpSXdJaYtXMcdNLpl/Qvc3P2cB3s6lOV51nqsFq4ag=="
    },
    "whatwg-mimetype@3.0.0": {
      "integrity": "sha512-nt+N2dzIutVRxARx1nghPKGv1xHikU7HKdfafKkLNLindmPU/ch3U31NOCGGA/dmPcmb1VlofO0vnKAcsm0o/Q=="
    }
  },
  "workspace": {
    "dependencies": [
      "jsr:@hazae41/argon2@^2.0.3",
      "jsr:@hazae41/binary@^2.0.1",
      "jsr:@hazae41/chacha20poly1305-wasm@2",
      "jsr:@hazae41/chacha20poly1305@^2.0.1",
      "jsr:@hazae41/cursor@^2.1.1",
      "jsr:@hazae41/phobos@^2.0.16",
      "jsr:@hazae41/tscousin@^1.0.28"
    ],
    "packageJson": {
      "dependencies": [
        "npm:@hazae41/argon2@^2.0.3",
        "npm:@hazae41/binary@^2.0.1",
        "npm:@hazae41/chacha20poly1305-wasm@2",
        "npm:@hazae41/chacha20poly1305@^2.0.1",
        "npm:@hazae41/cursor@^2.1.1",
        "npm:@hazae41/phobos@^2.0.16",
        "npm:@hazae41/tscousin@^1.0.28",
        "npm:happy-dom@^20.0.10",
        "npm:typescript@^5.9.3"
      ]
    }
  }
}
