{
  "name": "@hazae41/kdbx",
  "version": "0.2.14",
  "lockfileVersion": 3,
  "requires": true,
  "packages": {
    "": {
      "name": "@hazae41/kdbx",
      "version": "0.2.14",
      "dependencies": {
        "@hazae41/argon2": "^2.0.5",
        "@hazae41/binary": "^2.0.2",
        "@hazae41/chacha20poly1305": "^2.0.1",
        "@hazae41/cursor": "^2.1.3"
      },
      "devDependencies": {
        "@hazae41/argon2-wasm": "^2.0.0",
        "@hazae41/chacha20poly1305-wasm": "^2.0.0",
        "@hazae41/phobos": "^2.0.16",
        "@hazae41/tscousin": "^1.0.28",
        "@types/node": "^25.4.0",
        "deno": "^2.7.4",
        "happy-dom": "^20.8.3",
        "typescript": "^5.9.3"
      }
    },
    "node_modules/@deno/darwin-arm64": {
      "version": "2.7.4",
      "resolved": "https://registry.npmjs.org/@deno/darwin-arm64/-/darwin-arm64-2.7.4.tgz",
      "integrity": "sha512-PmO7ZtaZWCcPMGOXCi2l6T9Y+ok8V5C4uQer13PWGhOpiicuAF37CSH41vVOu/Yfv8EtUy0oBkG38l1TcEcyGg==",
      "cpu": [
        "arm64"
      ],
      "dev": true,
      "license": "MIT",
      "optional": true,
      "os": [
        "darwin"
      ]
    },
    "node_modules/@deno/darwin-x64": {
      "version": "2.7.4",
      "resolved": "https://registry.npmjs.org/@deno/darwin-x64/-/darwin-x64-2.7.4.tgz",
      "integrity": "sha512-tYkk6ph2MlzqTJHpXt2U4mrRlnwJjF2ol2QmhjZAtKyIha2c1x5xMMGGJcHqljfZCJDV+fPTDsL11Dq0YSGLqA==",
      "cpu": [
        "x64"
      ],
      "dev": true,
      "license": "MIT",
      "optional": true,
      "os": [
        "darwin"
      ]
    },
    "node_modules/@deno/linux-arm64-glibc": {
      "version": "2.7.4",
      "resolved": "https://registry.npmjs.org/@deno/linux-arm64-glibc/-/linux-arm64-glibc-2.7.4.tgz",
      "integrity": "sha512-ni+3pPa/3wZwFrJkXutdK8TZsUHFt0kV2hNa6guyTRF5LTL1HzvIRnHmqUDmurLn09ZK+nhxGvEfGNIl8TQx5A==",
      "cpu": [
        "arm64"
      ],
      "dev": true,
      "libc": [
        "glibc"
      ],
      "license": "MIT",
      "optional": true,
      "os": [
        "linux"
      ]
    },
    "node_modules/@deno/linux-x64-glibc": {
      "version": "2.7.4",
      "resolved": "https://registry.npmjs.org/@deno/linux-x64-glibc/-/linux-x64-glibc-2.7.4.tgz",
      "integrity": "sha512-bhwwGHskOHbJMkvQYnEvLzzDKJ3iZCQD9331wBCI3eS6oiOMxqk0AxXfN5rxginCmRAa09SpIIIben7x7CHbBw==",
      "cpu": [
        "x64"
      ],
      "dev": true,
      "libc": [
        "glibc"
      ],
      "license": "MIT",
      "optional": true,
      "os": [
        "linux"
      ]
    },
    "node_modules/@deno/win32-arm64": {
      "version": "2.7.4",
      "resolved": "https://registry.npmjs.org/@deno/win32-arm64/-/win32-arm64-2.7.4.tgz",
      "integrity": "sha512-rGPkxGe/a/bT38vBnLxirP9FnLUUo8AMjhGGy4miOWWVxjhIMZkj9Q57Fzk0IHULSOiEVKgo2WNZMAc9XVuRlg==",
      "cpu": [
        "arm64"
      ],
      "dev": true,
      "license": "MIT",
      "optional": true,
      "os": [
        "win32"
      ]
    },
    "node_modules/@deno/win32-x64": {
      "version": "2.7.4",
      "resolved": "https://registry.npmjs.org/@deno/win32-x64/-/win32-x64-2.7.4.tgz",
      "integrity": "sha512-GUoOTDOqu38LMMJ35OQ/9K++D7HHcqUEaP3DybrHw2mGqoOtv88mV6y8l6iZyY/YjpfgadooGhFOO/j6Jv2D4w==",
      "cpu": [
        "x64"
      ],
      "dev": true,
      "license": "MIT",
      "optional": true,
      "os": [
        "win32"
      ]
    },
    "node_modules/@hazae41/argon2": {
      "version": "2.0.5",
      "resolved": "https://registry.npmjs.org/@hazae41/argon2/-/argon2-2.0.5.tgz",
      "integrity": "sha512-lCIuOBrf0vKHXgpYMJYThTirzD3WVKgzMJlJPnSTQaxWJJNW0UJ0Zv1VTdZI6Jfw4sQIqcuxjGNdqGLsHfmxAg==",
      "dependencies": {
        "@hazae41/result-and-option": "^2.0.10"
      }
    },
    "node_modules/@hazae41/argon2-wasm": {
      "version": "2.0.0",
      "resolved": "https://registry.npmjs.org/@hazae41/argon2-wasm/-/argon2-wasm-2.0.0.tgz",
      "integrity": "sha512-QZt/tpml+voZgpYR/rT70F2sEOXRLJEGMdGs841jObH1TGLfqrQfmtNQO0JeUAE7qLy4bERbetcFpYx9YOo26w==",
      "dev": true,
      "peerDependencies": {
        "@hazae41/memory-wasm": "^1.0.46"
      }
    },
    "node_modules/@hazae41/binary": {
      "version": "2.0.2",
      "resolved": "https://registry.npmjs.org/@hazae41/binary/-/binary-2.0.2.tgz",
      "integrity": "sha512-i3YvoVECHiDoZ7n3XEMruIZYoikNEbTCjR/x7mWeg9rWpQMVNHIK+olYDvSBbxdJDSySSV/mRYOZBNfPataqYA==",
      "license": "MIT",
      "dependencies": {
        "@hazae41/cursor": "^2.1.2"
      }
    },
    "node_modules/@hazae41/chacha20poly1305": {
      "version": "2.0.1",
      "resolved": "https://registry.npmjs.org/@hazae41/chacha20poly1305/-/chacha20poly1305-2.0.1.tgz",
      "integrity": "sha512-FjjirObCSIy+jM0Bac6vjiqRnhDj5yCyanA7ZXYasjxi5dzp11JCyo7wfG56bgxhCrdLIZ8JCGku6whSNPPWHw==",
      "dependencies": {
        "@hazae41/result-and-option": "^2.0.10"
      }
    },
    "node_modules/@hazae41/chacha20poly1305-wasm": {
      "version": "2.0.0",
      "resolved": "https://registry.npmjs.org/@hazae41/chacha20poly1305-wasm/-/chacha20poly1305-wasm-2.0.0.tgz",
      "integrity": "sha512-kwfHMSzXf4NjKp6jqIBO/U/8hzWKyMo42JXpuWNFmK4ttu9FJZvn4eI7phpEku5Ou/wRS/1tWz6IxgnAHNhBag==",
      "dev": true,
      "peerDependencies": {
        "@hazae41/memory-wasm": "^1.0.46"
      }
    },
    "node_modules/@hazae41/cursor": {
      "version": "2.1.3",
      "resolved": "https://registry.npmjs.org/@hazae41/cursor/-/cursor-2.1.3.tgz",
      "integrity": "sha512-y6q7idwrgLMjWbc8imuqQ+dB7E/Qf+kHQ0WdUOONi7bgsbygBhtcDmaDw2S5SQihmASprYR7Waa7nvu3iJqFsw==",
      "license": "MIT",
      "dependencies": {
        "@hazae41/lengthed": "^1.0.1"
      }
    },
    "node_modules/@hazae41/lengthed": {
      "version": "1.0.1",
      "resolved": "https://registry.npmjs.org/@hazae41/lengthed/-/lengthed-1.0.1.tgz",
      "integrity": "sha512-5AizA8BmPDCSQ0H2V6DeEcrqTxQvjvgBA3bKH6sPpFjOc+dRRTqe1XTUc4h1WmnpaIg9taF//J/H2VVhZG5Tyw==",
      "license": "MIT"
    },
    "node_modules/@hazae41/memory-wasm": {
      "version": "1.0.46",
      "resolved": "https://registry.npmjs.org/@hazae41/memory-wasm/-/memory-wasm-1.0.46.tgz",
      "integrity": "sha512-ifPyk7lVx9VpPayNOl8Z84z6eUf/9jXG4c397BJUFrmaS6iuCk5KRNrf3kQzvGmMLpfykXqI6cIqxYayUUCopw==",
      "dev": true,
      "peer": true
    },
    "node_modules/@hazae41/phobos": {
      "version": "2.0.16",
      "resolved": "https://registry.npmjs.org/@hazae41/phobos/-/phobos-2.0.16.tgz",
      "integrity": "sha512-XP1KGvTY9dNWIz0EG91BdgBXXZXG/AF5f9LP57FbyF1ut3QjDe18+QLhScrA1RmuX/CEYrmp60jD160zZTPZaw==",
      "dev": true
    },
    "node_modules/@hazae41/result-and-option": {
      "version": "2.0.10",
      "resolved": "https://registry.npmjs.org/@hazae41/result-and-option/-/result-and-option-2.0.10.tgz",
      "integrity": "sha512-Msf15N4OBCSsAxdonghJmbwERQqgc0ZWVPi1yE+oI8maC1FBFacQrym+xNF+lnXXgaTheLAUnx3B8yCA5Z1EWw=="
    },
    "node_modules/@hazae41/tscousin": {
      "version": "1.0.28",
      "resolved": "https://registry.npmjs.org/@hazae41/tscousin/-/tscousin-1.0.28.tgz",
      "integrity": "sha512-Wrg/66m0hLexrifpzJ5a/D7Jzb7FhLzBWrCFAgjZa+DIU8prA5rX4MwD5K34UZ6jsYBRZsYwNeVEYRqOIJHOEQ==",
      "dev": true,
      "bin": {
        "tscousin": "out/bin.js"
      }
    },
    "node_modules/@types/node": {
      "version": "25.4.0",
      "resolved": "https://registry.npmjs.org/@types/node/-/node-25.4.0.tgz",
      "integrity": "sha512-9wLpoeWuBlcbBpOY3XmzSTG3oscB6xjBEEtn+pYXTfhyXhIxC5FsBer2KTopBlvKEiW9l13po9fq+SJY/5lkhw==",
      "dev": true,
      "license": "MIT",
      "dependencies": {
        "undici-types": "~7.18.0"
      }
    },
    "node_modules/@types/whatwg-mimetype": {
      "version": "3.0.2",
      "resolved": "https://registry.npmjs.org/@types/whatwg-mimetype/-/whatwg-mimetype-3.0.2.tgz",
      "integrity": "sha512-c2AKvDT8ToxLIOUlN51gTiHXflsfIFisS4pO7pDPoKouJCESkhZnEy623gwP9laCy5lnLDAw1vAzu2vM2YLOrA==",
      "dev": true,
      "license": "MIT"
    },
    "node_modules/@types/ws": {
      "version": "8.18.1",
      "resolved": "https://registry.npmjs.org/@types/ws/-/ws-8.18.1.tgz",
      "integrity": "sha512-ThVF6DCVhA8kUGy+aazFQ4kXQ7E1Ty7A3ypFOe0IcJV8O/M511G99AW24irKrW56Wt44yG9+ij8FaqoBGkuBXg==",
      "dev": true,
      "license": "MIT",
      "dependencies": {
        "@types/node": "*"
      }
    },
    "node_modules/deno": {
      "version": "2.7.4",
      "resolved": "https://registry.npmjs.org/deno/-/deno-2.7.4.tgz",
      "integrity": "sha512-PuD97c34jTVecN85U4KiMtzxcS5U0RvryT3gpYoT5iW+GB5wOE149ntXNzaYDd9USE68/J8CsNORWSTdNEc03g==",
      "dev": true,
      "hasInstallScript": true,
      "license": "MIT",
      "bin": {
        "deno": "bin.cjs"
      },
      "optionalDependencies": {
        "@deno/darwin-arm64": "2.7.4",
        "@deno/darwin-x64": "2.7.4",
        "@deno/linux-arm64-glibc": "2.7.4",
        "@deno/linux-x64-glibc": "2.7.4",
        "@deno/win32-arm64": "2.7.4",
        "@deno/win32-x64": "2.7.4"
      }
    },
    "node_modules/entities": {
      "version": "7.0.1",
      "resolved": "https://registry.npmjs.org/entities/-/entities-7.0.1.tgz",
      "integrity": "sha512-TWrgLOFUQTH994YUyl1yT4uyavY5nNB5muff+RtWaqNVCAK408b5ZnnbNAUEWLTCpum9w6arT70i1XdQ4UeOPA==",
      "dev": true,
      "license": "BSD-2-Clause",
      "engines": {
        "node": ">=0.12"
      },
      "funding": {
        "url": "https://github.com/fb55/entities?sponsor=1"
      }
    },
    "node_modules/happy-dom": {
      "version": "20.8.3",
      "resolved": "https://registry.npmjs.org/happy-dom/-/happy-dom-20.8.3.tgz",
      "integrity": "sha512-lMHQRRwIPyJ70HV0kkFT7jH/gXzSI7yDkQFe07E2flwmNDFoWUTRMKpW2sglsnpeA7b6S2TJPp98EbQxai8eaQ==",
      "dev": true,
      "license": "MIT",
      "dependencies": {
        "@types/node": ">=20.0.0",
        "@types/whatwg-mimetype": "^3.0.2",
        "@types/ws": "^8.18.1",
        "entities": "^7.0.1",
        "whatwg-mimetype": "^3.0.0",
        "ws": "^8.18.3"
      },
      "engines": {
        "node": ">=20.0.0"
      }
    },
    "node_modules/typescript": {
      "version": "5.9.3",
      "resolved": "https://registry.npmjs.org/typescript/-/typescript-5.9.3.tgz",
      "integrity": "sha512-jl1vZzPDinLr9eUt3J/t7V6FgNEw9QjvBPdysz9KfQDD41fQrC2Y4vKQdiaUpFT4bXlb1RHhLpp8wtm6M5TgSw==",
      "dev": true,
      "license": "Apache-2.0",
      "bin": {
        "tsc": "bin/tsc",
        "tsserver": "bin/tsserver"
      },
      "engines": {
        "node": ">=14.17"
      }
    },
    "node_modules/undici-types": {
      "version": "7.18.2",
      "resolved": "https://registry.npmjs.org/undici-types/-/undici-types-7.18.2.tgz",
      "integrity": "sha512-AsuCzffGHJybSaRrmr5eHr81mwJU3kjw6M+uprWvCXiNeN9SOGwQ3Jn8jb8m3Z6izVgknn1R0FTCEAP2QrLY/w==",
      "dev": true,
      "license": "MIT"
    },
    "node_modules/whatwg-mimetype": {
      "version": "3.0.0",
      "resolved": "https://registry.npmjs.org/whatwg-mimetype/-/whatwg-mimetype-3.0.0.tgz",
      "integrity": "sha512-nt+N2dzIutVRxARx1nghPKGv1xHikU7HKdfafKkLNLindmPU/ch3U31NOCGGA/dmPcmb1VlofO0vnKAcsm0o/Q==",
      "dev": true,
      "license": "MIT",
      "engines": {
        "node": ">=12"
      }
    },
    "node_modules/ws": {
      "version": "8.19.0",
      "resolved": "https://registry.npmjs.org/ws/-/ws-8.19.0.tgz",
      "integrity": "sha512-blAT2mjOEIi0ZzruJfIhb3nps74PRWTCz1IjglWEEpQl5XS/UNama6u2/rjFkDDouqr4L67ry+1aGIALViWjDg==",
      "dev": true,
      "license": "MIT",
      "engines": {
        "node": ">=10.0.0"
      },
      "peerDependencies": {
        "bufferutil": "^4.0.1",
        "utf-8-validate": ">=5.0.2"
      },
      "peerDependenciesMeta": {
        "bufferutil": {
          "optional": true
        },
        "utf-8-validate": {
          "optional": true
        }
      }
    }
  }
}
